// !$*UTF8*$!
{
	archiveVersion = 1;
	classes = {
	};
	objectVersion = 56;
	objects = {

/* Begin PBXBuildFile section */
		C02ADA6E2A40BA6F00D34CF7 /* AppDelegate.swift in Sources */ = {isa = PBXBuildFile; fileRef = C02ADA6D2A40BA6F00D34CF7 /* AppDelegate.swift */; };
		C02ADA702A40BA6F00D34CF7 /* SceneDelegate.swift in Sources */ = {isa = PBXBuildFile; fileRef = C02ADA6F2A40BA6F00D34CF7 /* SceneDelegate.swift */; };
		C02ADA722A40BA6F00D34CF7 /* ViewController.swift in Sources */ = {isa = PBXBuildFile; fileRef = C02ADA712A40BA6F00D34CF7 /* ViewController.swift */; };
		C02ADA752A40BA6F00D34CF7 /* Main.storyboard in Resources */ = {isa = PBXBuildFile; fileRef = C02ADA732A40BA6F00D34CF7 /* Main.storyboard */; };
		C02ADA772A40BA7000D34CF7 /* Assets.xcassets in Resources */ = {isa = PBXBuildFile; fileRef = C02ADA762A40BA7000D34CF7 /* Assets.xcassets */; };
		C02ADA7A2A40BA7000D34CF7 /* LaunchScreen.storyboard in Resources */ = {isa = PBXBuildFile; fileRef = C02ADA782A40BA7000D34CF7 /* LaunchScreen.storyboard */; };
		C02ADA852A40BA7000D34CF7 /* demoChartNotLibraryTests.swift in Sources */ = {isa = PBXBuildFile; fileRef = C02ADA842A40BA7000D34CF7 /* demoChartNotLibraryTests.swift */; };
		C02ADA8F2A40BA7000D34CF7 /* demoChartNotLibraryUITests.swift in Sources */ = {isa = PBXBuildFile; fileRef = C02ADA8E2A40BA7000D34CF7 /* demoChartNotLibraryUITests.swift */; };
		C02ADA912A40BA7000D34CF7 /* demoChartNotLibraryUITestsLaunchTests.swift in Sources */ = {isa = PBXBuildFile; fileRef = C02ADA902A40BA7000D34CF7 /* demoChartNotLibraryUITestsLaunchTests.swift */; };
		C02ADAA12A40BAC100D34CF7 /* ChartDataModel.swift in Sources */ = {isa = PBXBuildFile; fileRef = C02ADAA02A40BAC100D34CF7 /* ChartDataModel.swift */; };
		C02ADAAA2A40CA9E00D34CF7 /* README.md in Resources */ = {isa = PBXBuildFile; fileRef = C02ADAA92A40CA9E00D34CF7 /* README.md */; };
/* End PBXBuildFile section */

/* Begin PBXContainerItemProxy section */
		C02ADA812A40BA7000D34CF7 /* PBXContainerItemProxy */ = {
			isa = PBXContainerItemProxy;
			containerPortal = C02ADA622A40BA6F00D34CF7 /* Project object */;
			proxyType = 1;
			remoteGlobalIDString = C02ADA692A40BA6F00D34CF7;
			remoteInfo = demoChartNotLibrary;
		};
		C02ADA8B2A40BA7000D34CF7 /* PBXContainerItemProxy */ = {
			isa = PBXContainerItemProxy;
			containerPortal = C02ADA622A40BA6F00D34CF7 /* Project object */;
			proxyType = 1;
			remoteGlobalIDString = C02ADA692A40BA6F00D34CF7;
			remoteInfo = demoChartNotLibrary;
		};
/* End PBXContainerItemProxy section */

/* Begin PBXFileReference section */
		C02ADA6A2A40BA6F00D34CF7 /* demoChartNotLibrary.app */ = {isa = PBXFileReference; explicitFileType = wrapper.application; includeInIndex = 0; path = demoChartNotLibrary.app; sourceTree = BUILT_PRODUCTS_DIR; };
		C02ADA6D2A40BA6F00D34CF7 /* AppDelegate.swift */ = {isa = PBXFileReference; lastKnownFileType = sourcecode.swift; path = AppDelegate.swift; sourceTree = "<group>"; };
		C02ADA6F2A40BA6F00D34CF7 /* SceneDelegate.swift */ = {isa = PBXFileReference; lastKnownFileType = sourcecode.swift; path = SceneDelegate.swift; sourceTree = "<group>"; };
		C02ADA712A40BA6F00D34CF7 /* ViewController.swift */ = {isa = PBXFileReference; lastKnownFileType = sourcecode.swift; path = ViewController.swift; sourceTree = "<group>"; };
		C02ADA742A40BA6F00D34CF7 /* Base */ = {isa = PBXFileReference; lastKnownFileType = file.storyboard; name = Base; path = Base.lproj/Main.storyboard; sourceTree = "<group>"; };
		C02ADA762A40BA7000D34CF7 /* Assets.xcassets */ = {isa = PBXFileReference; lastKnownFileType = folder.assetcatalog; path = Assets.xcassets; sourceTree = "<group>"; };
		C02ADA792A40BA7000D34CF7 /* Base */ = {isa = PBXFileReference; lastKnownFileType = file.storyboard; name = Base; path = Base.lproj/LaunchScreen.storyboard; sourceTree = "<group>"; };
		C02ADA7B2A40BA7000D34CF7 /* Info.plist */ = {isa = PBXFileReference; lastKnownFileType = text.plist.xml; path = Info.plist; sourceTree = "<group>"; };
		C02ADA802A40BA7000D34CF7 /* demoChartNotLibraryTests.xctest */ = {isa = PBXFileReference; explicitFileType = wrapper.cfbundle; includeInIndex = 0; path = demoChartNotLibraryTests.xctest; sourceTree = BUILT_PRODUCTS_DIR; };
		C02ADA842A40BA7000D34CF7 /* demoChartNotLibraryTests.swift */ = {isa = PBXFileReference; lastKnownFileType = sourcecode.swift; path = demoChartNotLibraryTests.swift; sourceTree = "<group>"; };
		C02ADA8A2A40BA7000D34CF7 /* demoChartNotLibraryUITests.xctest */ = {isa = PBXFileReference; explicitFileType = wrapper.cfbundle; includeInIndex = 0; path = demoChartNotLibraryUITests.xctest; sourceTree = BUILT_PRODUCTS_DIR; };
		C02ADA8E2A40BA7000D34CF7 /* demoChartNotLibraryUITests.swift */ = {isa = PBXFileReference; lastKnownFileType = sourcecode.swift; path = demoChartNotLibraryUITests.swift; sourceTree = "<group>"; };
		C02ADA902A40BA7000D34CF7 /* demoChartNotLibraryUITestsLaunchTests.swift */ = {isa = PBXFileReference; lastKnownFileType = sourcecode.swift; path = demoChartNotLibraryUITestsLaunchTests.swift; sourceTree = "<group>"; };
		C02ADAA02A40BAC100D34CF7 /* ChartDataModel.swift */ = {isa = PBXFileReference; lastKnownFileType = sourcecode.swift; path = ChartDataModel.swift; sourceTree = "<group>"; };
		C02ADAA92A40CA9E00D34CF7 /* README.md */ = {isa = PBXFileReference; lastKnownFileType = net.daringfireball.markdown; path = README.md; sourceTree = "<group>"; };
/* End PBXFileReference section */

/* Begin PBXFrameworksBuildPhase section */
		C02ADA672A40BA6F00D34CF7 /* Frameworks */ = {
			isa = PBXFrameworksBuildPhase;
			buildActionMask = 2147483647;
			files = (
			);
			runOnlyForDeploymentPostprocessing = 0;
		};
		C02ADA7D2A40BA7000D34CF7 /* Frameworks */ = {
			isa = PBXFrameworksBuildPhase;
			buildActionMask = 2147483647;
			files = (
			);
			runOnlyForDeploymentPostprocessing = 0;
		};
		C02ADA872A40BA7000D34CF7 /* Frameworks */ = {
			isa = PBXFrameworksBuildPhase;
			buildActionMask = 2147483647;
			files = (
			);
			runOnlyForDeploymentPostprocessing = 0;
		};
/* End PBXFrameworksBuildPhase section */

/* Begin PBXGroup section */
		C02ADA612A40BA6F00D34CF7 = {
			isa = PBXGroup;
			children = (
				C02ADAA92A40CA9E00D34CF7 /* README.md */,
				C02ADA9F2A40BAAC00D34CF7 /* Model */,
				C02ADA6C2A40BA6F00D34CF7 /* demoChartNotLibrary */,
				C02ADA832A40BA7000D34CF7 /* demoChartNotLibraryTests */,
				C02ADA8D2A40BA7000D34CF7 /* demoChartNotLibraryUITests */,
				C02ADA6B2A40BA6F00D34CF7 /* Products */,
			);
			sourceTree = "<group>";
		};
		C02ADA6B2A40BA6F00D34CF7 /* Products */ = {
			isa = PBXGroup;
			children = (
				C02ADA6A2A40BA6F00D34CF7 /* demoChartNotLibrary.app */,
				C02ADA802A40BA7000D34CF7 /* demoChartNotLibraryTests.xctest */,
				C02ADA8A2A40BA7000D34CF7 /* demoChartNotLibraryUITests.xctest */,
			);
			name = Products;
			sourceTree = "<group>";
		};
		C02ADA6C2A40BA6F00D34CF7 /* demoChartNotLibrary */ = {
			isa = PBXGroup;
			children = (
				C02ADA6D2A40BA6F00D34CF7 /* AppDelegate.swift */,
				C02ADA6F2A40BA6F00D34CF7 /* SceneDelegate.swift */,
				C02ADA712A40BA6F00D34CF7 /* ViewController.swift */,
				C02ADA732A40BA6F00D34CF7 /* Main.storyboard */,
				C02ADA762A40BA7000D34CF7 /* Assets.xcassets */,
				C02ADA782A40BA7000D34CF7 /* LaunchScreen.storyboard */,
				C02ADA7B2A40BA7000D34CF7 /* Info.plist */,
			);
			path = demoChartNotLibrary;
			sourceTree = "<group>";
		};
		C02ADA832A40BA7000D34CF7 /* demoChartNotLibraryTests */ = {
			isa = PBXGroup;
			children = (
				C02ADA842A40BA7000D34CF7 /* demoChartNotLibraryTests.swift */,
			);
			path = demoChartNotLibraryTests;
			sourceTree = "<group>";
		};
		C02ADA8D2A40BA7000D34CF7 /* demoChartNotLibraryUITests */ = {
			isa = PBXGroup;
			children = (
				C02ADA8E2A40BA7000D34CF7 /* demoChartNotLibraryUITests.swift */,
				C02ADA902A40BA7000D34CF7 /* demoChartNotLibraryUITestsLaunchTests.swift */,
			);
			path = demoChartNotLibraryUITests;
			sourceTree = "<group>";
		};
		C02ADA9F2A40BAAC00D34CF7 /* Model */ = {
			isa = PBXGroup;
			children = (
				C02ADAA02A40BAC100D34CF7 /* ChartDataModel.swift */,
			);
			path = Model;
			sourceTree = "<group>";
		};
/* End PBXGroup section */

/* Begin PBXNativeTarget section */
		C02ADA692A40BA6F00D34CF7 /* demoChartNotLibrary */ = {
			isa = PBXNativeTarget;
			buildConfigurationList = C02ADA942A40BA7000D34CF7 /* Build configuration list for PBXNativeTarget "demoChartNotLibrary" */;
			buildPhases = (
				C02ADA662A40BA6F00D34CF7 /* Sources */,
				C02ADA672A40BA6F00D34CF7 /* Frameworks */,
				C02ADA682A40BA6F00D34CF7 /* Resources */,
			);
			buildRules = (
			);
			dependencies = (
			);
			name = demoChartNotLibrary;
			productName = demoChartNotLibrary;
			productReference = C02ADA6A2A40BA6F00D34CF7 /* demoChartNotLibrary.app */;
			productType = "com.apple.product-type.application";
		};
		C02ADA7F2A40BA7000D34CF7 /* demoChartNotLibraryTests */ = {
			isa = PBXNativeTarget;
			buildConfigurationList = C02ADA972A40BA7000D34CF7 /* Build configuration list for PBXNativeTarget "demoChartNotLibraryTests" */;
			buildPhases = (
				C02ADA7C2A40BA7000D34CF7 /* Sources */,
				C02ADA7D2A40BA7000D34CF7 /* Frameworks */,
				C02ADA7E2A40BA7000D34CF7 /* Resources */,
			);
			buildRules = (
			);
			dependencies = (
				C02ADA822A40BA7000D34CF7 /* PBXTargetDependency */,
			);
			name = demoChartNotLibraryTests;
			productName = demoChartNotLibraryTests;
			productReference = C02ADA802A40BA7000D34CF7 /* demoChartNotLibraryTests.xctest */;
			productType = "com.apple.product-type.bundle.unit-test";
		};
		C02ADA892A40BA7000D34CF7 /* demoChartNotLibraryUITests */ = {
			isa = PBXNativeTarget;
			buildConfigurationList = C02ADA9A2A40BA7000D34CF7 /* Build configuration list for PBXNativeTarget "demoChartNotLibraryUITests" */;
			buildPhases = (
				C02ADA862A40BA7000D34CF7 /* Sources */,
				C02ADA872A40BA7000D34CF7 /* Frameworks */,
				C02ADA882A40BA7000D34CF7 /* Resources */,
			);
			buildRules = (
			);
			dependencies = (
				C02ADA8C2A40BA7000D34CF7 /* PBXTargetDependency */,
			);
			name = demoChartNotLibraryUITests;
			productName = demoChartNotLibraryUITests;
			productReference = C02ADA8A2A40BA7000D34CF7 /* demoChartNotLibraryUITests.xctest */;
			productType = "com.apple.product-type.bundle.ui-testing";
		};
/* End PBXNativeTarget section */

/* Begin PBXProject section */
		C02ADA622A40BA6F00D34CF7 /* Project object */ = {
			isa = PBXProject;
			attributes = {
				BuildIndependentTargetsInParallel = 1;
				LastSwiftUpdateCheck = 1430;
				LastUpgradeCheck = 1430;
				TargetAttributes = {
					C02ADA692A40BA6F00D34CF7 = {
						CreatedOnToolsVersion = 14.3.1;
					};
					C02ADA7F2A40BA7000D34CF7 = {
						CreatedOnToolsVersion = 14.3.1;
						TestTargetID = C02ADA692A40BA6F00D34CF7;
					};
					C02ADA892A40BA7000D34CF7 = {
						CreatedOnToolsVersion = 14.3.1;
						TestTargetID = C02ADA692A40BA6F00D34CF7;
					};
				};
			};
			buildConfigurationList = C02ADA652A40BA6F00D34CF7 /* Build configuration list for PBXProject "demoChartNotLibrary" */;
			compatibilityVersion = "Xcode 14.0";
			developmentRegion = en;
			hasScannedForEncodings = 0;
			knownRegions = (
				en,
				Base,
			);
			mainGroup = C02ADA612A40BA6F00D34CF7;
			productRefGroup = C02ADA6B2A40BA6F00D34CF7 /* Products */;
			projectDirPath = "";
			projectRoot = "";
			targets = (
				C02ADA692A40BA6F00D34CF7 /* demoChartNotLibrary */,
				C02ADA7F2A40BA7000D34CF7 /* demoChartNotLibraryTests */,
				C02ADA892A40BA7000D34CF7 /* demoChartNotLibraryUITests */,
			);
		};
/* End PBXProject section */

/* Begin PBXResourcesBuildPhase section */
		C02ADA682A40BA6F00D34CF7 /* Resources */ = {
			isa = PBXResourcesBuildPhase;
			buildActionMask = 2147483647;
			files = (
				C02ADA7A2A40BA7000D34CF7 /* LaunchScreen.storyboard in Resources */,
				C02ADA772A40BA7000D34CF7 /* Assets.xcassets in Resources */,
				C02ADAAA2A40CA9E00D34CF7 /* README.md in Resources */,
				C02ADA752A40BA6F00D34CF7 /* Main.storyboard in Resources */,
			);
			runOnlyForDeploymentPostprocessing = 0;
		};
		C02ADA7E2A40BA7000D34CF7 /* Resources */ = {
			isa = PBXResourcesBuildPhase;
			buildActionMask = 2147483647;
			files = (
			);
			runOnlyForDeploymentPostprocessing = 0;
		};
		C02ADA882A40BA7000D34CF7 /* Resources */ = {
			isa = PBXResourcesBuildPhase;
			buildActionMask = 2147483647;
			files = (
			);
			runOnlyForDeploymentPostprocessing = 0;
		};
/* End PBXResourcesBuildPhase section */

/* Begin PBXSourcesBuildPhase section */
		C02ADA662A40BA6F00D34CF7 /* Sources */ = {
			isa = PBXSourcesBuildPhase;
			buildActionMask = 2147483647;
			files = (
				C02ADAA12A40BAC100D34CF7 /* ChartDataModel.swift in Sources */,
				C02ADA722A40BA6F00D34CF7 /* ViewController.swift in Sources */,
				C02ADA6E2A40BA6F00D34CF7 /* AppDelegate.swift in Sources */,
				C02ADA702A40BA6F00D34CF7 /* SceneDelegate.swift in Sources */,
			);
			runOnlyForDeploymentPostprocessing = 0;
		};
		C02ADA7C2A40BA7000D34CF7 /* Sources */ = {
			isa = PBXSourcesBuildPhase;
			buildActionMask = 2147483647;
			files = (
				C02ADA852A40BA7000D34CF7 /* demoChartNotLibraryTests.swift in Sources */,
			);
			runOnlyForDeploymentPostprocessing = 0;
		};
		C02ADA862A40BA7000D34CF7 /* Sources */ = {
			isa = PBXSourcesBuildPhase;
			buildActionMask = 2147483647;
			files = (
				C02ADA912A40BA7000D34CF7 /* demoChartNotLibraryUITestsLaunchTests.swift in Sources */,
				C02ADA8F2A40BA7000D34CF7 /* demoChartNotLibraryUITests.swift in Sources */,
			);
			runOnlyForDeploymentPostprocessing = 0;
		};
/* End PBXSourcesBuildPhase section */

/* Begin PBXTargetDependency section */
		C02ADA822A40BA7000D34CF7 /* PBXTargetDependency */ = {
			isa = PBXTargetDependency;
			target = C02ADA692A40BA6F00D34CF7 /* demoChartNotLibrary */;
			targetProxy = C02ADA812A40BA7000D34CF7 /* PBXContainerItemProxy */;
		};
		C02ADA8C2A40BA7000D34CF7 /* PBXTargetDependency */ = {
			isa = PBXTargetDependency;
			target = C02ADA692A40BA6F00D34CF7 /* demoChartNotLibrary */;
			targetProxy = C02ADA8B2A40BA7000D34CF7 /* PBXContainerItemProxy */;
		};
/* End PBXTargetDependency section */

/* Begin PBXVariantGroup section */
		C02ADA732A40BA6F00D34CF7 /* Main.storyboard */ = {
			isa = PBXVariantGroup;
			children = (
				C02ADA742A40BA6F00D34CF7 /* Base */,
			);
			name = Main.storyboard;
			sourceTree = "<group>";
		};
		C02ADA782A40BA7000D34CF7 /* LaunchScreen.storyboard */ = {
			isa = PBXVariantGroup;
			children = (
				C02ADA792A40BA7000D34CF7 /* Base */,
			);
			name = LaunchScreen.storyboard;
			sourceTree = "<group>";
		};
/* End PBXVariantGroup section */

/* Begin XCBuildConfiguration section */
		C02ADA922A40BA7000D34CF7 /* Debug */ = {
			isa = XCBuildConfiguration;
			buildSettings = {
				ALWAYS_SEARCH_USER_PATHS = NO;
				CLANG_ANALYZER_NONNULL = YES;
				CLANG_ANALYZER_NUMBER_OBJECT_CONVERSION = YES_AGGRESSIVE;
				CLANG_CXX_LANGUAGE_STANDARD = "gnu++20";
				CLANG_ENABLE_MODULES = YES;
				CLANG_ENABLE_OBJC_ARC = YES;
				CLANG_ENABLE_OBJC_WEAK = YES;
				CLANG_WARN_BLOCK_CAPTURE_AUTORELEASING = YES;
				CLANG_WARN_BOOL_CONVERSION = YES;
				CLANG_WARN_COMMA = YES;
				CLANG_WARN_CONSTANT_CONVERSION = YES;
				CLANG_WARN_DEPRECATED_OBJC_IMPLEMENTATIONS = YES;
				CLANG_WARN_DIRECT_OBJC_ISA_USAGE = YES_ERROR;
				CLANG_WARN_DOCUMENTATION_COMMENTS = YES;
				CLANG_WARN_EMPTY_BODY = YES;
				CLANG_WARN_ENUM_CONVERSION = YES;
				CLANG_WARN_INFINITE_RECURSION = YES;
				CLANG_WARN_INT_CONVERSION = YES;
				CLANG_WARN_NON_LITERAL_NULL_CONVERSION = YES;
				CLANG_WARN_OBJC_IMPLICIT_RETAIN_SELF = YES;
				CLANG_WARN_OBJC_LITERAL_CONVERSION = YES;
				CLANG_WARN_OBJC_ROOT_CLASS = YES_ERROR;
				CLANG_WARN_QUOTED_INCLUDE_IN_FRAMEWORK_HEADER = YES;
				CLANG_WARN_RANGE_LOOP_ANALYSIS = YES;
				CLANG_WARN_STRICT_PROTOTYPES = YES;
				CLANG_WARN_SUSPICIOUS_MOVE = YES;
				CLANG_WARN_UNGUARDED_AVAILABILITY = YES_AGGRESSIVE;
				CLANG_WARN_UNREACHABLE_CODE = YES;
				CLANG_WARN__DUPLICATE_METHOD_MATCH = YES;
				COPY_PHASE_STRIP = NO;
				DEBUG_INFORMATION_FORMAT = dwarf;
				ENABLE_STRICT_OBJC_MSGSEND = YES;
				ENABLE_TESTABILITY = YES;
				GCC_C_LANGUAGE_STANDARD = gnu11;
				GCC_DYNAMIC_NO_PIC = NO;
				GCC_NO_COMMON_BLOCKS = YES;
				GCC_OPTIMIZATION_LEVEL = 0;
				GCC_PREPROCESSOR_DEFINITIONS = (
					"DEBUG=1",
					"$(inherited)",
				);
				GCC_WARN_64_TO_32_BIT_CONVERSION = YES;
				GCC_WARN_ABOUT_RETURN_TYPE = YES_ERROR;
				GCC_WARN_UNDECLARED_SELECTOR = YES;
				GCC_WARN_UNINITIALIZED_AUTOS = YES_AGGRESSIVE;
				GCC_WARN_UNUSED_FUNCTION = YES;
				GCC_WARN_UNUSED_VARIABLE = YES;
				IPHONEOS_DEPLOYMENT_TARGET = 16.4;
				MTL_ENABLE_DEBUG_INFO = INCLUDE_SOURCE;
				MTL_FAST_MATH = YES;
				ONLY_ACTIVE_ARCH = YES;
				SDKROOT = iphoneos;
				SWIFT_ACTIVE_COMPILATION_CONDITIONS = DEBUG;
				SWIFT_OPTIMIZATION_LEVEL = "-Onone";
			};
			name = Debug;
		};
		C02ADA932A40BA7000D34CF7 /* Release */ = {
			isa = XCBuildConfiguration;
			buildSettings = {
				ALWAYS_SEARCH_USER_PATHS = NO;
				CLANG_ANALYZER_NONNULL = YES;
				CLANG_ANALYZER_NUMBER_OBJECT_CONVERSION = YES_AGGRESSIVE;
				CLANG_CXX_LANGUAGE_STANDARD = "gnu++20";
				CLANG_ENABLE_MODULES = YES;
				CLANG_ENABLE_OBJC_ARC = YES;
				CLANG_ENABLE_OBJC_WEAK = YES;
				CLANG_WARN_BLOCK_CAPTURE_AUTORELEASING = YES;
				CLANG_WARN_BOOL_CONVERSION = YES;
				CLANG_WARN_COMMA = YES;
				CLANG_WARN_CONSTANT_CONVERSION = YES;
				CLANG_WARN_DEPRECATED_OBJC_IMPLEMENTATIONS = YES;
				CLANG_WARN_DIRECT_OBJC_ISA_USAGE = YES_ERROR;
				CLANG_WARN_DOCUMENTATION_COMMENTS = YES;
				CLANG_WARN_EMPTY_BODY = YES;
				CLANG_WARN_ENUM_CONVERSION = YES;
				CLANG_WARN_INFINITE_RECURSION = YES;
				CLANG_WARN_INT_CONVERSION = YES;
				CLANG_WARN_NON_LITERAL_NULL_CONVERSION = YES;
				CLANG_WARN_OBJC_IMPLICIT_RETAIN_SELF = YES;
				CLANG_WARN_OBJC_LITERAL_CONVERSION = YES;
				CLANG_WARN_OBJC_ROOT_CLASS = YES_ERROR;
				CLANG_WARN_QUOTED_INCLUDE_IN_FRAMEWORK_HEADER = YES;
				CLANG_WARN_RANGE_LOOP_ANALYSIS = YES;
				CLANG_WARN_STRICT_PROTOTYPES = YES;
				CLANG_WARN_SUSPICIOUS_MOVE = YES;
				CLANG_WARN_UNGUARDED_AVAILABILITY = YES_AGGRESSIVE;
				CLANG_WARN_UNREACHABLE_CODE = YES;
				CLANG_WARN__DUPLICATE_METHOD_MATCH = YES;
				COPY_PHASE_STRIP = NO;
				DEBUG_INFORMATION_FORMAT = "dwarf-with-dsym";
				ENABLE_NS_ASSERTIONS = NO;
				ENABLE_STRICT_OBJC_MSGSEND = YES;
				GCC_C_LANGUAGE_STANDARD = gnu11;
				GCC_NO_COMMON_BLOCKS = YES;
				GCC_WARN_64_TO_32_BIT_CONVERSION = YES;
				GCC_WARN_ABOUT_RETURN_TYPE = YES_ERROR;
				GCC_WARN_UNDECLARED_SELECTOR = YES;
				GCC_WARN_UNINITIALIZED_AUTOS = YES_AGGRESSIVE;
				GCC_WARN_UNUSED_FUNCTION = YES;
				GCC_WARN_UNUSED_VARIABLE = YES;
				IPHONEOS_DEPLOYMENT_TARGET = 16.4;
				MTL_ENABLE_DEBUG_INFO = NO;
				MTL_FAST_MATH = YES;
				SDKROOT = iphoneos;
				SWIFT_COMPILATION_MODE = wholemodule;
				SWIFT_OPTIMIZATION_LEVEL = "-O";
				VALIDATE_PRODUCT = YES;
			};
			name = Release;
		};
		C02ADA952A40BA7000D34CF7 /* Debug */ = {
			isa = XCBuildConfiguration;
			buildSettings = {
				ASSETCATALOG_COMPILER_APPICON_NAME = AppIcon;
				ASSETCATALOG_COMPILER_GLOBAL_ACCENT_COLOR_NAME = AccentColor;
				CODE_SIGN_STYLE = Automatic;
				CURRENT_PROJECT_VERSION = 1;
				GENERATE_INFOPLIST_FILE = YES;
				INFOPLIST_FILE = demoChartNotLibrary/Info.plist;
				INFOPLIST_KEY_UIApplicationSupportsIndirectInputEvents = YES;
				INFOPLIST_KEY_UILaunchStoryboardName = LaunchScreen;
				INFOPLIST_KEY_UIMainStoryboardFile = Main;
				INFOPLIST_KEY_UISupportedInterfaceOrientations_iPad = "UIInterfaceOrientationPortrait UIInterfaceOrientationPortraitUpsideDown UIInterfaceOrientationLandscapeLeft UIInterfaceOrientationLandscapeRight";
				INFOPLIST_KEY_UISupportedInterfaceOrientations_iPhone = "UIInterfaceOrientationPortrait UIInterfaceOrientationLandscapeLeft UIInterfaceOrientationLandscapeRight";
				LD_RUNPATH_SEARCH_PATHS = (
					"$(inherited)",
					"@executable_path/Frameworks",
				);
				MARKETING_VERSION = 1.0;
				PRODUCT_BUNDLE_IDENTIFIER = app.demoAPI.demoChartNotLibrary;
				PRODUCT_NAME = "$(TARGET_NAME)";
				SWIFT_EMIT_LOC_STRINGS = YES;
				SWIFT_VERSION = 5.0;
				TARGETED_DEVICE_FAMILY = "1,2";
			};
			name = Debug;
		};
		C02ADA962A40BA7000D34CF7 /* Release */ = {
			isa = XCBuildConfiguration;
			buildSettings = {
				ASSETCATALOG_COMPILER_APPICON_NAME = AppIcon;
				ASSETCATALOG_COMPILER_GLOBAL_ACCENT_COLOR_NAME = AccentColor;
				CODE_SIGN_STYLE = Automatic;
				CURRENT_PROJECT_VERSION = 1;
				GENERATE_INFOPLIST_FILE = YES;
				INFOPLIST_FILE = demoChartNotLibrary/Info.plist;
				INFOPLIST_KEY_UIApplicationSupportsIndirectInputEvents = YES;
				INFOPLIST_KEY_UILaunchStoryboardName = LaunchScreen;
				INFOPLIST_KEY_UIMainStoryboardFile = Main;
				INFOPLIST_KEY_UISupportedInterfaceOrientations_iPad = "UIInterfaceOrientationPortrait UIInterfaceOrientationPortraitUpsideDown UIInterfaceOrientationLandscapeLeft UIInterfaceOrientationLandscapeRight";
				INFOPLIST_KEY_UISupportedInterfaceOrientations_iPhone = "UIInterfaceOrientationPortrait UIInterfaceOrientationLandscapeLeft UIInterfaceOrientationLandscapeRight";
				LD_RUNPATH_SEARCH_PATHS = (
					"$(inherited)",
					"@executable_path/Frameworks",
				);
				MARKETING_VERSION = 1.0;
				PRODUCT_BUNDLE_IDENTIFIER = app.demoAPI.demoChartNotLibrary;
				PRODUCT_NAME = "$(TARGET_NAME)";
				SWIFT_EMIT_LOC_STRINGS = YES;
				SWIFT_VERSION = 5.0;
				TARGETED_DEVICE_FAMILY = "1,2";
			};
			name = Release;
		};
		C02ADA982A40BA7000D34CF7 /* Debug */ = {
			isa = XCBuildConfiguration;
			buildSettings = {
				ALWAYS_EMBED_SWIFT_STANDARD_LIBRARIES = YES;
				BUNDLE_LOADER = "$(TEST_HOST)";
				CODE_SIGN_STYLE = Automatic;
				CURRENT_PROJECT_VERSION = 1;
				GENERATE_INFOPLIST_FILE = YES;
				IPHONEOS_DEPLOYMENT_TARGET = 16.4;
				MARKETING_VERSION = 1.0;
				PRODUCT_BUNDLE_IDENTIFIER = app.demoAPI.demoChartNotLibraryTests;
				PRODUCT_NAME = "$(TARGET_NAME)";
				SWIFT_EMIT_LOC_STRINGS = NO;
				SWIFT_VERSION = 5.0;
				TARGETED_DEVICE_FAMILY = "1,2";
				TEST_HOST = "$(BUILT_PRODUCTS_DIR)/demoChartNotLibrary.app/$(BUNDLE_EXECUTABLE_FOLDER_PATH)/demoChartNotLibrary";
			};
			name = Debug;
		};
		C02ADA992A40BA7000D34CF7 /* Release */ = {
			isa = XCBuildConfiguration;
			buildSettings = {
				ALWAYS_EMBED_SWIFT_STANDARD_LIBRARIES = YES;
				BUNDLE_LOADER = "$(TEST_HOST)";
				CODE_SIGN_STYLE = Automatic;
				CURRENT_PROJECT_VERSION = 1;
				GENERATE_INFOPLIST_FILE = YES;
				IPHONEOS_DEPLOYMENT_TARGET = 16.4;
				MARKETING_VERSION = 1.0;
				PRODUCT_BUNDLE_IDENTIFIER = app.demoAPI.demoChartNotLibraryTests;
				PRODUCT_NAME = "$(TARGET_NAME)";
				SWIFT_EMIT_LOC_STRINGS = NO;
				SWIFT_VERSION = 5.0;
				TARGETED_DEVICE_FAMILY = "1,2";
				TEST_HOST = "$(BUILT_PRODUCTS_DIR)/demoChartNotLibrary.app/$(BUNDLE_EXECUTABLE_FOLDER_PATH)/demoChartNotLibrary";
			};
			name = Release;
		};
		C02ADA9B2A40BA7000D34CF7 /* Debug */ = {
			isa = XCBuildConfiguration;
			buildSettings = {
				ALWAYS_EMBED_SWIFT_STANDARD_LIBRARIES = YES;
				CODE_SIGN_STYLE = Automatic;
				CURRENT_PROJECT_VERSION = 1;
				GENERATE_INFOPLIST_FILE = YES;
				MARKETING_VERSION = 1.0;
				PRODUCT_BUNDLE_IDENTIFIER = app.demoAPI.demoChartNotLibraryUITests;
				PRODUCT_NAME = "$(TARGET_NAME)";
				SWIFT_EMIT_LOC_STRINGS = NO;
				SWIFT_VERSION = 5.0;
				TARGETED_DEVICE_FAMILY = "1,2";
				TEST_TARGET_NAME = demoChartNotLibrary;
			};
			name = Debug;
		};
		C02ADA9C2A40BA7000D34CF7 /* Release */ = {
			isa = XCBuildConfiguration;
			buildSettings = {
				ALWAYS_EMBED_SWIFT_STANDARD_LIBRARIES = YES;
				CODE_SIGN_STYLE = Automatic;
				CURRENT_PROJECT_VERSION = 1;
				GENERATE_INFOPLIST_FILE = YES;
				MARKETING_VERSION = 1.0;
				PRODUCT_BUNDLE_IDENTIFIER = app.demoAPI.demoChartNotLibraryUITests;
				PRODUCT_NAME = "$(TARGET_NAME)";
				SWIFT_EMIT_LOC_STRINGS = NO;
				SWIFT_VERSION = 5.0;
				TARGETED_DEVICE_FAMILY = "1,2";
				TEST_TARGET_NAME = demoChartNotLibrary;
			};
			name = Release;
		};
/* End XCBuildConfiguration section */

/* Begin XCConfigurationList section */
		C02ADA652A40BA6F00D34CF7 /* Build configuration list for PBXProject "demoChartNotLibrary" */ = {
			isa = XCConfigurationList;
			buildConfigurations = (
				C02ADA922A40BA7000D34CF7 /* Debug */,
				C02ADA932A40BA7000D34CF7 /* Release */,
			);
			defaultConfigurationIsVisible = 0;
			defaultConfigurationName = Release;
		};
		C02ADA942A40BA7000D34CF7 /* Build configuration list for PBXNativeTarget "demoChartNotLibrary" */ = {
			isa = XCConfigurationList;
			buildConfigurations = (
				C02ADA952A40BA7000D34CF7 /* Debug */,
				C02ADA962A40BA7000D34CF7 /* Release */,
			);
			defaultConfigurationIsVisible = 0;
			defaultConfigurationName = Release;
		};
		C02ADA972A40BA7000D34CF7 /* Build configuration list for PBXNativeTarget "demoChartNotLibraryTests" */ = {
			isa = XCConfigurationList;
			buildConfigurations = (
				C02ADA982A40BA7000D34CF7 /* Debug */,
				C02ADA992A40BA7000D34CF7 /* Release */,
			);
			defaultConfigurationIsVisible = 0;
			defaultConfigurationName = Release;
		};
		C02ADA9A2A40BA7000D34CF7 /* Build configuration list for PBXNativeTarget "demoChartNotLibraryUITests" */ = {
			isa = XCConfigurationList;
			buildConfigurations = (
				C02ADA9B2A40BA7000D34CF7 /* Debug */,
				C02ADA9C2A40BA7000D34CF7 /* Release */,
			);
			defaultConfigurationIsVisible = 0;
			defaultConfigurationName = Release;
		};
/* End XCConfigurationList section */
	};
	rootObject = C02ADA622A40BA6F00D34CF7 /* Project object */;
}
